
Microsoft Visual Studio Solution File, Format Version 12.00
# Visual Studio 15
VisualStudioVersion = 15.0.26124.0
MinimumVisualStudioVersion = 15.0.26124.0
Project("{2150E333-8FDC-42A3-9474-1A3956D46DE8}") = "Tutorial01.HelloWorld", "Tutorial01.HelloWorld", "{78934F08-3AC6-4DF2-BEAD-0A7FE51E664B}"
EndProject
Project("{9A19103F-16F7-4668-BE54-9A1E7A4F7556}") = "Send", "Tutorial01.HelloWorld\Send\Send.csproj", "{CF9C5B13-30B4-412B-BF3F-43BC1A045C8B}"
EndProject
Project("{9A19103F-16F7-4668-BE54-9A1E7A4F7556}") = "Receive", "Tutorial01.HelloWorld\Receive\Receive.csproj", "{97F3CFB9-2B4E-4BC9-94E9-3E5670E0DC51}"
EndProject
Project("{2150E333-8FDC-42A3-9474-1A3956D46DE8}") = "Tutorial02.WorkQueues", "Tutorial02.WorkQueues", "{C93BC243-B2E8-4C4A-B100-A0D75C4FD531}"
EndProject
Project("{9A19103F-16F7-4668-BE54-9A1E7A4F7556}") = "NewTask", "Tutorial02.WorkQueues\NewTask\NewTask.csproj", "{590564BD-3F72-48E4-873F-0EE007B6ACA9}"
EndProject
Project("{9A19103F-16F7-4668-BE54-9A1E7A4F7556}") = "Worker", "Tutorial02.WorkQueues\Worker\Worker.csproj", "{5373C7E1-B5E1-49A3-AFFC-B019BE38C648}"
EndProject
Project("{2150E333-8FDC-42A3-9474-1A3956D46DE8}") = "Tutorial03.PublishSubscribe", "Tutorial03.PublishSubscribe", "{F6B7189D-EFA6-462F-B553-26CFE8531D16}"
EndProject
Project("{9A19103F-16F7-4668-BE54-9A1E7A4F7556}") = "EmitLog", "Tutorial03.PublishSubscribe\EmitLog\EmitLog.csproj", "{8FC7E1EC-7CED-4EDC-83B9-659555041A5F}"
EndProject
Project("{9A19103F-16F7-4668-BE54-9A1E7A4F7556}") = "ReceiveLogs", "Tutorial03.PublishSubscribe\ReceiveLogs\ReceiveLogs.csproj", "{7CBFB969-8EBB-4119-BCAB-4E50845D3CB3}"
EndProject
Project("{2150E333-8FDC-42A3-9474-1A3956D46DE8}") = "Tutorial04.Routing", "Tutorial04.Routing", "{036B98AD-4BE2-4048-831C-6FEEB7EF2073}"
EndProject
Project("{9A19103F-16F7-4668-BE54-9A1E7A4F7556}") = "ReceiveLogsDirect", "Tutorial04.Routing\ReceiveLogsDirect\ReceiveLogsDirect.csproj", "{0D7DAFC3-CD44-43D2-B074-2F8477E3999D}"
EndProject
Project("{9A19103F-16F7-4668-BE54-9A1E7A4F7556}") = "EmitLogDirect", "Tutorial04.Routing\EmitLogDirect\EmitLogDirect.csproj", "{F7BA24A0-1C08-4719-8906-0673EB53DD3C}"
EndProject
Project("{2150E333-8FDC-42A3-9474-1A3956D46DE8}") = "Tutorial05.Topics", "Tutorial05.Topics", "{AEFD8FEE-CC55-4412-AA25-5E1089BA3DB8}"
EndProject
Project("{FAE04EC0-301F-11D3-BF4B-00C04F79EFBC}") = "EmitLogTopic", "Tutorial05.Topics\EmitLogTopic\EmitLogTopic.csproj", "{5F33544C-4266-4E5C-A199-6AADB60D4D6E}"
EndProject
Project("{FAE04EC0-301F-11D3-BF4B-00C04F79EFBC}") = "ReceiveLogsTopic", "Tutorial05.Topics\ReceiveLogsTopic\ReceiveLogsTopic.csproj", "{90D4C315-175C-42E6-A5AB-35BCB41A85F5}"
EndProject
Project("{2150E333-8FDC-42A3-9474-1A3956D46DE8}") = "Tutorial06.RPC", "Tutorial06.RPC", "{653A1D6F-6CF8-4417-BCB9-F3DADB59FC9B}"
EndProject
Project("{FAE04EC0-301F-11D3-BF4B-00C04F79EFBC}") = "RpcClient", "Tutorial06.RPC\RpcClient\RpcClient.csproj", "{5122E50F-B958-4380-BF11-8C68D9D5D2DB}"
EndProject
Project("{FAE04EC0-301F-11D3-BF4B-00C04F79EFBC}") = "RpcServer", "Tutorial06.RPC\RpcServer\RpcServer.csproj", "{D2D997C1-531E-4C25-99E8-FA19307FACAE}"
EndProject
Global
	GlobalSection(SolutionConfigurationPlatforms) = preSolution
		Debug|Any CPU = Debug|Any CPU
		Debug|x64 = Debug|x64
		Debug|x86 = Debug|x86
		Release|Any CPU = Release|Any CPU
		Release|x64 = Release|x64
		Release|x86 = Release|x86
	EndGlobalSection
	GlobalSection(ProjectConfigurationPlatforms) = postSolution
		{CF9C5B13-30B4-412B-BF3F-43BC1A045C8B}.Debug|Any CPU.ActiveCfg = Debug|Any CPU
		{CF9C5B13-30B4-412B-BF3F-43BC1A045C8B}.Debug|Any CPU.Build.0 = Debug|Any CPU
		{CF9C5B13-30B4-412B-BF3F-43BC1A045C8B}.Debug|x64.ActiveCfg = Debug|Any CPU
		{CF9C5B13-30B4-412B-BF3F-43BC1A045C8B}.Debug|x64.Build.0 = Debug|Any CPU
		{CF9C5B13-30B4-412B-BF3F-43BC1A045C8B}.Debug|x86.ActiveCfg = Debug|Any CPU
		{CF9C5B13-30B4-412B-BF3F-43BC1A045C8B}.Debug|x86.Build.0 = Debug|Any CPU
		{CF9C5B13-30B4-412B-BF3F-43BC1A045C8B}.Release|Any CPU.ActiveCfg = Release|Any CPU
		{CF9C5B13-30B4-412B-BF3F-43BC1A045C8B}.Release|Any CPU.Build.0 = Release|Any CPU
		{CF9C5B13-30B4-412B-BF3F-43BC1A045C8B}.Release|x64.ActiveCfg = Release|Any CPU
		{CF9C5B13-30B4-412B-BF3F-43BC1A045C8B}.Release|x64.Build.0 = Release|Any CPU
		{CF9C5B13-30B4-412B-BF3F-43BC1A045C8B}.Release|x86.ActiveCfg = Release|Any CPU
		{CF9C5B13-30B4-412B-BF3F-43BC1A045C8B}.Release|x86.Build.0 = Release|Any CPU
		{97F3CFB9-2B4E-4BC9-94E9-3E5670E0DC51}.Debug|Any CPU.ActiveCfg = Debug|Any CPU
		{97F3CFB9-2B4E-4BC9-94E9-3E5670E0DC51}.Debug|Any CPU.Build.0 = Debug|Any CPU
		{97F3CFB9-2B4E-4BC9-94E9-3E5670E0DC51}.Debug|x64.ActiveCfg = Debug|Any CPU
		{97F3CFB9-2B4E-4BC9-94E9-3E5670E0DC51}.Debug|x64.Build.0 = Debug|Any CPU
		{97F3CFB9-2B4E-4BC9-94E9-3E5670E0DC51}.Debug|x86.ActiveCfg = Debug|Any CPU
		{97F3CFB9-2B4E-4BC9-94E9-3E5670E0DC51}.Debug|x86.Build.0 = Debug|Any CPU
		{97F3CFB9-2B4E-4BC9-94E9-3E5670E0DC51}.Release|Any CPU.ActiveCfg = Release|Any CPU
		{97F3CFB9-2B4E-4BC9-94E9-3E5670E0DC51}.Release|Any CPU.Build.0 = Release|Any CPU
		{97F3CFB9-2B4E-4BC9-94E9-3E5670E0DC51}.Release|x64.ActiveCfg = Release|Any CPU
		{97F3CFB9-2B4E-4BC9-94E9-3E5670E0DC51}.Release|x64.Build.0 = Release|Any CPU
		{97F3CFB9-2B4E-4BC9-94E9-3E5670E0DC51}.Release|x86.ActiveCfg = Release|Any CPU
		{97F3CFB9-2B4E-4BC9-94E9-3E5670E0DC51}.Release|x86.Build.0 = Release|Any CPU
		{590564BD-3F72-48E4-873F-0EE007B6ACA9}.Debug|Any CPU.ActiveCfg = Debug|Any CPU
		{590564BD-3F72-48E4-873F-0EE007B6ACA9}.Debug|Any CPU.Build.0 = Debug|Any CPU
		{590564BD-3F72-48E4-873F-0EE007B6ACA9}.Debug|x64.ActiveCfg = Debug|Any CPU
		{590564BD-3F72-48E4-873F-0EE007B6ACA9}.Debug|x64.Build.0 = Debug|Any CPU
		{590564BD-3F72-48E4-873F-0EE007B6ACA9}.Debug|x86.ActiveCfg = Debug|Any CPU
		{590564BD-3F72-48E4-873F-0EE007B6ACA9}.Debug|x86.Build.0 = Debug|Any CPU
		{590564BD-3F72-48E4-873F-0EE007B6ACA9}.Release|Any CPU.ActiveCfg = Release|Any CPU
		{590564BD-3F72-48E4-873F-0EE007B6ACA9}.Release|Any CPU.Build.0 = Release|Any CPU
		{590564BD-3F72-48E4-873F-0EE007B6ACA9}.Release|x64.ActiveCfg = Release|Any CPU
		{590564BD-3F72-48E4-873F-0EE007B6ACA9}.Release|x64.Build.0 = Release|Any CPU
		{590564BD-3F72-48E4-873F-0EE007B6ACA9}.Release|x86.ActiveCfg = Release|Any CPU
		{590564BD-3F72-48E4-873F-0EE007B6ACA9}.Release|x86.Build.0 = Release|Any CPU
		{5373C7E1-B5E1-49A3-AFFC-B019BE38C648}.Debug|Any CPU.ActiveCfg = Debug|Any CPU
		{5373C7E1-B5E1-49A3-AFFC-B019BE38C648}.Debug|Any CPU.Build.0 = Debug|Any CPU
		{5373C7E1-B5E1-49A3-AFFC-B019BE38C648}.Debug|x64.ActiveCfg = Debug|Any CPU
		{5373C7E1-B5E1-49A3-AFFC-B019BE38C648}.Debug|x64.Build.0 = Debug|Any CPU
		{5373C7E1-B5E1-49A3-AFFC-B019BE38C648}.Debug|x86.ActiveCfg = Debug|Any CPU
		{5373C7E1-B5E1-49A3-AFFC-B019BE38C648}.Debug|x86.Build.0 = Debug|Any CPU
		{5373C7E1-B5E1-49A3-AFFC-B019BE38C648}.Release|Any CPU.ActiveCfg = Release|Any CPU
		{5373C7E1-B5E1-49A3-AFFC-B019BE38C648}.Release|Any CPU.Build.0 = Release|Any CPU
		{5373C7E1-B5E1-49A3-AFFC-B019BE38C648}.Release|x64.ActiveCfg = Release|Any CPU
		{5373C7E1-B5E1-49A3-AFFC-B019BE38C648}.Release|x64.Build.0 = Release|Any CPU
		{5373C7E1-B5E1-49A3-AFFC-B019BE38C648}.Release|x86.ActiveCfg = Release|Any CPU
		{5373C7E1-B5E1-49A3-AFFC-B019BE38C648}.Release|x86.Build.0 = Release|Any CPU
		{8FC7E1EC-7CED-4EDC-83B9-659555041A5F}.Debug|Any CPU.ActiveCfg = Debug|Any CPU
		{8FC7E1EC-7CED-4EDC-83B9-659555041A5F}.Debug|Any CPU.Build.0 = Debug|Any CPU
		{8FC7E1EC-7CED-4EDC-83B9-659555041A5F}.Debug|x64.ActiveCfg = Debug|Any CPU
		{8FC7E1EC-7CED-4EDC-83B9-659555041A5F}.Debug|x64.Build.0 = Debug|Any CPU
		{8FC7E1EC-7CED-4EDC-83B9-659555041A5F}.Debug|x86.ActiveCfg = Debug|Any CPU
		{8FC7E1EC-7CED-4EDC-83B9-659555041A5F}.Debug|x86.Build.0 = Debug|Any CPU
		{8FC7E1EC-7CED-4EDC-83B9-659555041A5F}.Release|Any CPU.ActiveCfg = Release|Any CPU
		{8FC7E1EC-7CED-4EDC-83B9-659555041A5F}.Release|Any CPU.Build.0 = Release|Any CPU
		{8FC7E1EC-7CED-4EDC-83B9-659555041A5F}.Release|x64.ActiveCfg = Release|Any CPU
		{8FC7E1EC-7CED-4EDC-83B9-659555041A5F}.Release|x64.Build.0 = Release|Any CPU
		{8FC7E1EC-7CED-4EDC-83B9-659555041A5F}.Release|x86.ActiveCfg = Release|Any CPU
		{8FC7E1EC-7CED-4EDC-83B9-659555041A5F}.Release|x86.Build.0 = Release|Any CPU
		{7CBFB969-8EBB-4119-BCAB-4E50845D3CB3}.Debug|Any CPU.ActiveCfg = Debug|Any CPU
		{7CBFB969-8EBB-4119-BCAB-4E50845D3CB3}.Debug|Any CPU.Build.0 = Debug|Any CPU
		{7CBFB969-8EBB-4119-BCAB-4E50845D3CB3}.Debug|x64.ActiveCfg = Debug|Any CPU
		{7CBFB969-8EBB-4119-BCAB-4E50845D3CB3}.Debug|x64.Build.0 = Debug|Any CPU
		{7CBFB969-8EBB-4119-BCAB-4E50845D3CB3}.Debug|x86.ActiveCfg = Debug|Any CPU
		{7CBFB969-8EBB-4119-BCAB-4E50845D3CB3}.Debug|x86.Build.0 = Debug|Any CPU
		{7CBFB969-8EBB-4119-BCAB-4E50845D3CB3}.Release|Any CPU.ActiveCfg = Release|Any CPU
		{7CBFB969-8EBB-4119-BCAB-4E50845D3CB3}.Release|Any CPU.Build.0 = Release|Any CPU
		{7CBFB969-8EBB-4119-BCAB-4E50845D3CB3}.Release|x64.ActiveCfg = Release|Any CPU
		{7CBFB969-8EBB-4119-BCAB-4E50845D3CB3}.Release|x64.Build.0 = Release|Any CPU
		{7CBFB969-8EBB-4119-BCAB-4E50845D3CB3}.Release|x86.ActiveCfg = Release|Any CPU
		{7CBFB969-8EBB-4119-BCAB-4E50845D3CB3}.Release|x86.Build.0 = Release|Any CPU
		{0D7DAFC3-CD44-43D2-B074-2F8477E3999D}.Debug|Any CPU.ActiveCfg = Debug|Any CPU
		{0D7DAFC3-CD44-43D2-B074-2F8477E3999D}.Debug|Any CPU.Build.0 = Debug|Any CPU
		{0D7DAFC3-CD44-43D2-B074-2F8477E3999D}.Debug|x64.ActiveCfg = Debug|Any CPU
		{0D7DAFC3-CD44-43D2-B074-2F8477E3999D}.Debug|x64.Build.0 = Debug|Any CPU
		{0D7DAFC3-CD44-43D2-B074-2F8477E3999D}.Debug|x86.ActiveCfg = Debug|Any CPU
		{0D7DAFC3-CD44-43D2-B074-2F8477E3999D}.Debug|x86.Build.0 = Debug|Any CPU
		{0D7DAFC3-CD44-43D2-B074-2F8477E3999D}.Release|Any CPU.ActiveCfg = Release|Any CPU
		{0D7DAFC3-CD44-43D2-B074-2F8477E3999D}.Release|Any CPU.Build.0 = Release|Any CPU
		{0D7DAFC3-CD44-43D2-B074-2F8477E3999D}.Release|x64.ActiveCfg = Release|Any CPU
		{0D7DAFC3-CD44-43D2-B074-2F8477E3999D}.Release|x64.Build.0 = Release|Any CPU
		{0D7DAFC3-CD44-43D2-B074-2F8477E3999D}.Release|x86.ActiveCfg = Release|Any CPU
		{0D7DAFC3-CD44-43D2-B074-2F8477E3999D}.Release|x86.Build.0 = Release|Any CPU
		{F7BA24A0-1C08-4719-8906-0673EB53DD3C}.Debug|Any CPU.ActiveCfg = Debug|Any CPU
		{F7BA24A0-1C08-4719-8906-0673EB53DD3C}.Debug|Any CPU.Build.0 = Debug|Any CPU
		{F7BA24A0-1C08-4719-8906-0673EB53DD3C}.Debug|x64.ActiveCfg = Debug|Any CPU
		{F7BA24A0-1C08-4719-8906-0673EB53DD3C}.Debug|x64.Build.0 = Debug|Any CPU
		{F7BA24A0-1C08-4719-8906-0673EB53DD3C}.Debug|x86.ActiveCfg = Debug|Any CPU
		{F7BA24A0-1C08-4719-8906-0673EB53DD3C}.Debug|x86.Build.0 = Debug|Any CPU
		{F7BA24A0-1C08-4719-8906-0673EB53DD3C}.Release|Any CPU.ActiveCfg = Release|Any CPU
		{F7BA24A0-1C08-4719-8906-0673EB53DD3C}.Release|Any CPU.Build.0 = Release|Any CPU
		{F7BA24A0-1C08-4719-8906-0673EB53DD3C}.Release|x64.ActiveCfg = Release|Any CPU
		{F7BA24A0-1C08-4719-8906-0673EB53DD3C}.Release|x64.Build.0 = Release|Any CPU
		{F7BA24A0-1C08-4719-8906-0673EB53DD3C}.Release|x86.ActiveCfg = Release|Any CPU
		{F7BA24A0-1C08-4719-8906-0673EB53DD3C}.Release|x86.Build.0 = Release|Any CPU
		{5F33544C-4266-4E5C-A199-6AADB60D4D6E}.Debug|Any CPU.ActiveCfg = Debug|Any CPU
		{5F33544C-4266-4E5C-A199-6AADB60D4D6E}.Debug|Any CPU.Build.0 = Debug|Any CPU
		{5F33544C-4266-4E5C-A199-6AADB60D4D6E}.Debug|x64.ActiveCfg = Debug|Any CPU
		{5F33544C-4266-4E5C-A199-6AADB60D4D6E}.Debug|x64.Build.0 = Debug|Any CPU
		{5F33544C-4266-4E5C-A199-6AADB60D4D6E}.Debug|x86.ActiveCfg = Debug|Any CPU
		{5F33544C-4266-4E5C-A199-6AADB60D4D6E}.Debug|x86.Build.0 = Debug|Any CPU
		{5F33544C-4266-4E5C-A199-6AADB60D4D6E}.Release|Any CPU.ActiveCfg = Release|Any CPU
		{5F33544C-4266-4E5C-A199-6AADB60D4D6E}.Release|Any CPU.Build.0 = Release|Any CPU
		{5F33544C-4266-4E5C-A199-6AADB60D4D6E}.Release|x64.ActiveCfg = Release|Any CPU
		{5F33544C-4266-4E5C-A199-6AADB60D4D6E}.Release|x64.Build.0 = Release|Any CPU
		{5F33544C-4266-4E5C-A199-6AADB60D4D6E}.Release|x86.ActiveCfg = Release|Any CPU
		{5F33544C-4266-4E5C-A199-6AADB60D4D6E}.Release|x86.Build.0 = Release|Any CPU
		{90D4C315-175C-42E6-A5AB-35BCB41A85F5}.Debug|Any CPU.ActiveCfg = Debug|Any CPU
		{90D4C315-175C-42E6-A5AB-35BCB41A85F5}.Debug|Any CPU.Build.0 = Debug|Any CPU
		{90D4C315-175C-42E6-A5AB-35BCB41A85F5}.Debug|x64.ActiveCfg = Debug|Any CPU
		{90D4C315-175C-42E6-A5AB-35BCB41A85F5}.Debug|x64.Build.0 = Debug|Any CPU
		{90D4C315-175C-42E6-A5AB-35BCB41A85F5}.Debug|x86.ActiveCfg = Debug|Any CPU
		{90D4C315-175C-42E6-A5AB-35BCB41A85F5}.Debug|x86.Build.0 = Debug|Any CPU
		{90D4C315-175C-42E6-A5AB-35BCB41A85F5}.Release|Any CPU.ActiveCfg = Release|Any CPU
		{90D4C315-175C-42E6-A5AB-35BCB41A85F5}.Release|Any CPU.Build.0 = Release|Any CPU
		{90D4C315-175C-42E6-A5AB-35BCB41A85F5}.Release|x64.ActiveCfg = Release|Any CPU
		{90D4C315-175C-42E6-A5AB-35BCB41A85F5}.Release|x64.Build.0 = Release|Any CPU
		{90D4C315-175C-42E6-A5AB-35BCB41A85F5}.Release|x86.ActiveCfg = Release|Any CPU
		{90D4C315-175C-42E6-A5AB-35BCB41A85F5}.Release|x86.Build.0 = Release|Any CPU
		{5122E50F-B958-4380-BF11-8C68D9D5D2DB}.Debug|Any CPU.ActiveCfg = Debug|Any CPU
		{5122E50F-B958-4380-BF11-8C68D9D5D2DB}.Debug|Any CPU.Build.0 = Debug|Any CPU
		{5122E50F-B958-4380-BF11-8C68D9D5D2DB}.Debug|x64.ActiveCfg = Debug|Any CPU
		{5122E50F-B958-4380-BF11-8C68D9D5D2DB}.Debug|x64.Build.0 = Debug|Any CPU
		{5122E50F-B958-4380-BF11-8C68D9D5D2DB}.Debug|x86.ActiveCfg = Debug|Any CPU
		{5122E50F-B958-4380-BF11-8C68D9D5D2DB}.Debug|x86.Build.0 = Debug|Any CPU
		{5122E50F-B958-4380-BF11-8C68D9D5D2DB}.Release|Any CPU.ActiveCfg = Release|Any CPU
		{5122E50F-B958-4380-BF11-8C68D9D5D2DB}.Release|Any CPU.Build.0 = Release|Any CPU
		{5122E50F-B958-4380-BF11-8C68D9D5D2DB}.Release|x64.ActiveCfg = Release|Any CPU
		{5122E50F-B958-4380-BF11-8C68D9D5D2DB}.Release|x64.Build.0 = Release|Any CPU
		{5122E50F-B958-4380-BF11-8C68D9D5D2DB}.Release|x86.ActiveCfg = Release|Any CPU
		{5122E50F-B958-4380-BF11-8C68D9D5D2DB}.Release|x86.Build.0 = Release|Any CPU
		{D2D997C1-531E-4C25-99E8-FA19307FACAE}.Debug|Any CPU.ActiveCfg = Debug|Any CPU
		{D2D997C1-531E-4C25-99E8-FA19307FACAE}.Debug|Any CPU.Build.0 = Debug|Any CPU
		{D2D997C1-531E-4C25-99E8-FA19307FACAE}.Debug|x64.ActiveCfg = Debug|Any CPU
		{D2D997C1-531E-4C25-99E8-FA19307FACAE}.Debug|x64.Build.0 = Debug|Any CPU
		{D2D997C1-531E-4C25-99E8-FA19307FACAE}.Debug|x86.ActiveCfg = Debug|Any CPU
		{D2D997C1-531E-4C25-99E8-FA19307FACAE}.Debug|x86.Build.0 = Debug|Any CPU
		{D2D997C1-531E-4C25-99E8-FA19307FACAE}.Release|Any CPU.ActiveCfg = Release|Any CPU
		{D2D997C1-531E-4C25-99E8-FA19307FACAE}.Release|Any CPU.Build.0 = Release|Any CPU
		{D2D997C1-531E-4C25-99E8-FA19307FACAE}.Release|x64.ActiveCfg = Release|Any CPU
		{D2D997C1-531E-4C25-99E8-FA19307FACAE}.Release|x64.Build.0 = Release|Any CPU
		{D2D997C1-531E-4C25-99E8-FA19307FACAE}.Release|x86.ActiveCfg = Release|Any CPU
		{D2D997C1-531E-4C25-99E8-FA19307FACAE}.Release|x86.Build.0 = Release|Any CPU
	EndGlobalSection
	GlobalSection(SolutionProperties) = preSolution
		HideSolutionNode = FALSE
	EndGlobalSection
	GlobalSection(NestedProjects) = preSolution
		{CF9C5B13-30B4-412B-BF3F-43BC1A045C8B} = {78934F08-3AC6-4DF2-BEAD-0A7FE51E664B}
		{97F3CFB9-2B4E-4BC9-94E9-3E5670E0DC51} = {78934F08-3AC6-4DF2-BEAD-0A7FE51E664B}
		{590564BD-3F72-48E4-873F-0EE007B6ACA9} = {C93BC243-B2E8-4C4A-B100-A0D75C4FD531}
		{5373C7E1-B5E1-49A3-AFFC-B019BE38C648} = {C93BC243-B2E8-4C4A-B100-A0D75C4FD531}
		{8FC7E1EC-7CED-4EDC-83B9-659555041A5F} = {F6B7189D-EFA6-462F-B553-26CFE8531D16}
		{7CBFB969-8EBB-4119-BCAB-4E50845D3CB3} = {F6B7189D-EFA6-462F-B553-26CFE8531D16}
		{0D7DAFC3-CD44-43D2-B074-2F8477E3999D} = {036B98AD-4BE2-4048-831C-6FEEB7EF2073}
		{F7BA24A0-1C08-4719-8906-0673EB53DD3C} = {036B98AD-4BE2-4048-831C-6FEEB7EF2073}
		{5F33544C-4266-4E5C-A199-6AADB60D4D6E} = {AEFD8FEE-CC55-4412-AA25-5E1089BA3DB8}
		{90D4C315-175C-42E6-A5AB-35BCB41A85F5} = {AEFD8FEE-CC55-4412-AA25-5E1089BA3DB8}
		{5122E50F-B958-4380-BF11-8C68D9D5D2DB} = {653A1D6F-6CF8-4417-BCB9-F3DADB59FC9B}
		{D2D997C1-531E-4C25-99E8-FA19307FACAE} = {653A1D6F-6CF8-4417-BCB9-F3DADB59FC9B}
	EndGlobalSection
	GlobalSection(ExtensibilityGlobals) = postSolution
		SolutionGuid = {EC2ECC64-F135-494F-856C-498D72AA2FFB}
	EndGlobalSection
EndGlobal
